// !$*UTF8*$!
{
	archiveVersion = 1;
	classes = {
	};
	objectVersion = 50;
	objects = {

/* Begin PBXBuildFile section */
		0B076A5623397B7100B5AF43 /* ChatYourCell.swift in Sources */ = {isa = PBXBuildFile; fileRef = 0B076A5423397B7100B5AF43 /* ChatYourCell.swift */; };
		0B076A5723397B7100B5AF43 /* ChatYourCell.xib in Resources */ = {isa = PBXBuildFile; fileRef = 0B076A5523397B7100B5AF43 /* ChatYourCell.xib */; };
		0B076A5A23397B8500B5AF43 /* ChatMyCell.swift in Sources */ = {isa = PBXBuildFile; fileRef = 0B076A5823397B8500B5AF43 /* ChatMyCell.swift */; };
		0B076A5B23397B8500B5AF43 /* ChatMyCell.xib in Resources */ = {isa = PBXBuildFile; fileRef = 0B076A5923397B8500B5AF43 /* ChatMyCell.xib */; };
		0B16821D23133B97004F8089 /* ViewController.swift in Sources */ = {isa = PBXBuildFile; fileRef = 0B16821C23133B97004F8089 /* ViewController.swift */; };
		0B16822023148AD3004F8089 /* UserTableViewCell.swift in Sources */ = {isa = PBXBuildFile; fileRef = 0B16821E23148AD3004F8089 /* UserTableViewCell.swift */; };
		0B16822123148AD3004F8089 /* UserTableViewCell.xib in Resources */ = {isa = PBXBuildFile; fileRef = 0B16821F23148AD3004F8089 /* UserTableViewCell.xib */; };
		0B173F5D231DCE2E00A36DAB /* ProfileViewController.swift in Sources */ = {isa = PBXBuildFile; fileRef = 0B173F5B231DCE2E00A36DAB /* ProfileViewController.swift */; };
		0B173F602321B67200A36DAB /* Profile.storyboard in Resources */ = {isa = PBXBuildFile; fileRef = 0B173F5F2321B67200A36DAB /* Profile.storyboard */; };
		0B1783052353D2330097A79C /* AddChatRoomViewController.swift in Sources */ = {isa = PBXBuildFile; fileRef = 0B1783042353D2330097A79C /* AddChatRoomViewController.swift */; };
		0B1783072353D2510097A79C /* AddChatRoomSB.storyboard in Resources */ = {isa = PBXBuildFile; fileRef = 0B1783062353D2510097A79C /* AddChatRoomSB.storyboard */; };
		0B1792BB23455EE20098D7AC /* UserContexManager.swift in Sources */ = {isa = PBXBuildFile; fileRef = 0B1792BA23455EE20098D7AC /* UserContexManager.swift */; };
		0B191FDA23318CDC0016EA85 /* ChatRoomTableViewCell.swift in Sources */ = {isa = PBXBuildFile; fileRef = 0B191FD823318CDC0016EA85 /* ChatRoomTableViewCell.swift */; };
		0B191FDB23318CDC0016EA85 /* ChatRoomTableViewCell.xib in Resources */ = {isa = PBXBuildFile; fileRef = 0B191FD923318CDC0016EA85 /* ChatRoomTableViewCell.xib */; };
		0B191FDD233192190016EA85 /* ChatViewController.swift in Sources */ = {isa = PBXBuildFile; fileRef = 0B191FDC233192190016EA85 /* ChatViewController.swift */; };
		0B191FDF233192290016EA85 /* ChatView.storyboard in Resources */ = {isa = PBXBuildFile; fileRef = 0B191FDE233192290016EA85 /* ChatView.storyboard */; };
		0B3F421B235A734700CAE1B1 /* ChatNoticeCell.swift in Sources */ = {isa = PBXBuildFile; fileRef = 0B3F4219235A734700CAE1B1 /* ChatNoticeCell.swift */; };
		0B3F421C235A734700CAE1B1 /* ChatNoticeCell.xib in Resources */ = {isa = PBXBuildFile; fileRef = 0B3F421A235A734700CAE1B1 /* ChatNoticeCell.xib */; };
		0B44C4B122FA2E1800B55D21 /* AppDelegate.swift in Sources */ = {isa = PBXBuildFile; fileRef = 0B44C4B022FA2E1800B55D21 /* AppDelegate.swift */; };
		0B44C4B622FA2E1800B55D21 /* Main.storyboard in Resources */ = {isa = PBXBuildFile; fileRef = 0B44C4B422FA2E1800B55D21 /* Main.storyboard */; };
		0B44C4B822FA2E1F00B55D21 /* Assets.xcassets in Resources */ = {isa = PBXBuildFile; fileRef = 0B44C4B722FA2E1F00B55D21 /* Assets.xcassets */; };
		0B44C4BB22FA2E1F00B55D21 /* LaunchScreen.storyboard in Resources */ = {isa = PBXBuildFile; fileRef = 0B44C4B922FA2E1F00B55D21 /* LaunchScreen.storyboard */; };
		0B44C4C622FB80E900B55D21 /* GoogleService-Info.plist in Resources */ = {isa = PBXBuildFile; fileRef = 0B44C4C522FB80E800B55D21 /* GoogleService-Info.plist */; };
		0B44C4C822FB868300B55D21 /* UserModel.swift in Sources */ = {isa = PBXBuildFile; fileRef = 0B44C4C722FB868300B55D21 /* UserModel.swift */; };
		0B44C4CA22FB86DA00B55D21 /* ChatModel.swift in Sources */ = {isa = PBXBuildFile; fileRef = 0B44C4C922FB86DA00B55D21 /* ChatModel.swift */; };
		0B44C4CC230210C700B55D21 /* UsersViewController.swift in Sources */ = {isa = PBXBuildFile; fileRef = 0B44C4CB230210C700B55D21 /* UsersViewController.swift */; };
		0B44C4CE230210D600B55D21 /* ChatRoomsViewController.swift in Sources */ = {isa = PBXBuildFile; fileRef = 0B44C4CD230210D600B55D21 /* ChatRoomsViewController.swift */; };
		0B44C4D02302115100B55D21 /* CounselingChatRoomsViewController.swift in Sources */ = {isa = PBXBuildFile; fileRef = 0B44C4CF2302115100B55D21 /* CounselingChatRoomsViewController.swift */; };
		0B44C4D22302115D00B55D21 /* SettingViewController.swift in Sources */ = {isa = PBXBuildFile; fileRef = 0B44C4D12302115D00B55D21 /* SettingViewController.swift */; };
		0B44C4DC230212E700B55D21 /* SignInViewController.swift in Sources */ = {isa = PBXBuildFile; fileRef = 0B44C4DA230212E700B55D21 /* SignInViewController.swift */; };
		0B44C4DD230212E700B55D21 /* SignUpViewController.swift in Sources */ = {isa = PBXBuildFile; fileRef = 0B44C4DB230212E700B55D21 /* SignUpViewController.swift */; };
		0B44C4E42302165400B55D21 /* SigninStoryboard.storyboard in Resources */ = {isa = PBXBuildFile; fileRef = 0B44C4E22302165400B55D21 /* SigninStoryboard.storyboard */; };
		0B44C4E52302165400B55D21 /* SignUp.storyboard in Resources */ = {isa = PBXBuildFile; fileRef = 0B44C4E32302165400B55D21 /* SignUp.storyboard */; };
		0B44C4E9230AFE5500B55D21 /* UIColor.swift in Sources */ = {isa = PBXBuildFile; fileRef = 0B44C4E8230AFE5500B55D21 /* UIColor.swift */; };
		0BCB409F2356725D0085933A /* ColorHelper.swift in Sources */ = {isa = PBXBuildFile; fileRef = 0BCB409E2356725D0085933A /* ColorHelper.swift */; };
		0BFF175B231727D400CD6561 /* AddFriendViewController.swift in Sources */ = {isa = PBXBuildFile; fileRef = 0BFF1759231727D400CD6561 /* AddFriendViewController.swift */; };
		0BFF175E2317287000CD6561 /* AddFriend.storyboard in Resources */ = {isa = PBXBuildFile; fileRef = 0BFF175D2317287000CD6561 /* AddFriend.storyboard */; };
		0BFF17602319CDA500CD6561 /* FriendshipListModel.swift in Sources */ = {isa = PBXBuildFile; fileRef = 0BFF175F2319CDA500CD6561 /* FriendshipListModel.swift */; };
		B6D8D98FD8523B787E14A926 /* Pods_MLinker.framework in Frameworks */ = {isa = PBXBuildFile; fileRef = 1E1C6B03E61547F8786B6D66 /* Pods_MLinker.framework */; };
/* End PBXBuildFile section */

/* Begin PBXFileReference section */
		0B076A5423397B7100B5AF43 /* ChatYourCell.swift */ = {isa = PBXFileReference; lastKnownFileType = sourcecode.swift; path = ChatYourCell.swift; sourceTree = "<group>"; };
		0B076A5523397B7100B5AF43 /* ChatYourCell.xib */ = {isa = PBXFileReference; lastKnownFileType = file.xib; path = ChatYourCell.xib; sourceTree = "<group>"; };
		0B076A5823397B8500B5AF43 /* ChatMyCell.swift */ = {isa = PBXFileReference; lastKnownFileType = sourcecode.swift; path = ChatMyCell.swift; sourceTree = "<group>"; };
		0B076A5923397B8500B5AF43 /* ChatMyCell.xib */ = {isa = PBXFileReference; lastKnownFileType = file.xib; path = ChatMyCell.xib; sourceTree = "<group>"; };
		0B16821C23133B97004F8089 /* ViewController.swift */ = {isa = PBXFileReference; lastKnownFileType = sourcecode.swift; path = ViewController.swift; sourceTree = "<group>"; };
		0B16821E23148AD3004F8089 /* UserTableViewCell.swift */ = {isa = PBXFileReference; lastKnownFileType = sourcecode.swift; path = UserTableViewCell.swift; sourceTree = "<group>"; };
		0B16821F23148AD3004F8089 /* UserTableViewCell.xib */ = {isa = PBXFileReference; lastKnownFileType = file.xib; path = UserTableViewCell.xib; sourceTree = "<group>"; };
		0B173F5B231DCE2E00A36DAB /* ProfileViewController.swift */ = {isa = PBXFileReference; lastKnownFileType = sourcecode.swift; path = ProfileViewController.swift; sourceTree = "<group>"; };
		0B173F5F2321B67200A36DAB /* Profile.storyboard */ = {isa = PBXFileReference; lastKnownFileType = file.storyboard; path = Profile.storyboard; sourceTree = "<group>"; };
		0B1783042353D2330097A79C /* AddChatRoomViewController.swift */ = {isa = PBXFileReference; lastKnownFileType = sourcecode.swift; path = AddChatRoomViewController.swift; sourceTree = "<group>"; };
		0B1783062353D2510097A79C /* AddChatRoomSB.storyboard */ = {isa = PBXFileReference; lastKnownFileType = file.storyboard; path = AddChatRoomSB.storyboard; sourceTree = "<group>"; };
		0B1792BA23455EE20098D7AC /* UserContexManager.swift */ = {isa = PBXFileReference; lastKnownFileType = sourcecode.swift; path = UserContexManager.swift; sourceTree = "<group>"; };
		0B191FD823318CDC0016EA85 /* ChatRoomTableViewCell.swift */ = {isa = PBXFileReference; lastKnownFileType = sourcecode.swift; path = ChatRoomTableViewCell.swift; sourceTree = "<group>"; };
		0B191FD923318CDC0016EA85 /* ChatRoomTableViewCell.xib */ = {isa = PBXFileReference; lastKnownFileType = file.xib; path = ChatRoomTableViewCell.xib; sourceTree = "<group>"; };
		0B191FDC233192190016EA85 /* ChatViewController.swift */ = {isa = PBXFileReference; lastKnownFileType = sourcecode.swift; path = ChatViewController.swift; sourceTree = "<group>"; };
		0B191FDE233192290016EA85 /* ChatView.storyboard */ = {isa = PBXFileReference; lastKnownFileType = file.storyboard; path = ChatView.storyboard; sourceTree = "<group>"; };
		0B3F4219235A734700CAE1B1 /* ChatNoticeCell.swift */ = {isa = PBXFileReference; lastKnownFileType = sourcecode.swift; path = ChatNoticeCell.swift; sourceTree = "<group>"; };
		0B3F421A235A734700CAE1B1 /* ChatNoticeCell.xib */ = {isa = PBXFileReference; lastKnownFileType = file.xib; path = ChatNoticeCell.xib; sourceTree = "<group>"; };
		0B44C4AD22FA2E1700B55D21 /* MLinker.app */ = {isa = PBXFileReference; explicitFileType = wrapper.application; includeInIndex = 0; path = MLinker.app; sourceTree = BUILT_PRODUCTS_DIR; };
		0B44C4B022FA2E1800B55D21 /* AppDelegate.swift */ = {isa = PBXFileReference; lastKnownFileType = sourcecode.swift; path = AppDelegate.swift; sourceTree = "<group>"; };
		0B44C4B522FA2E1800B55D21 /* Base */ = {isa = PBXFileReference; lastKnownFileType = file.storyboard; name = Base; path = Base.lproj/Main.storyboard; sourceTree = "<group>"; };
		0B44C4B722FA2E1F00B55D21 /* Assets.xcassets */ = {isa = PBXFileReference; lastKnownFileType = folder.assetcatalog; path = Assets.xcassets; sourceTree = "<group>"; };
		0B44C4BA22FA2E1F00B55D21 /* Base */ = {isa = PBXFileReference; lastKnownFileType = file.storyboard; name = Base; path = Base.lproj/LaunchScreen.storyboard; sourceTree = "<group>"; };
		0B44C4BC22FA2E1F00B55D21 /* Info.plist */ = {isa = PBXFileReference; lastKnownFileType = text.plist.xml; path = Info.plist; sourceTree = "<group>"; };
		0B44C4C522FB80E800B55D21 /* GoogleService-Info.plist */ = {isa = PBXFileReference; fileEncoding = 4; lastKnownFileType = text.plist.xml; name = "GoogleService-Info.plist"; path = "../../../../../../Users/bmwe3/Downloads/GoogleService-Info.plist"; sourceTree = "<group>"; };
		0B44C4C722FB868300B55D21 /* UserModel.swift */ = {isa = PBXFileReference; lastKnownFileType = sourcecode.swift; path = UserModel.swift; sourceTree = "<group>"; };
		0B44C4C922FB86DA00B55D21 /* ChatModel.swift */ = {isa = PBXFileReference; lastKnownFileType = sourcecode.swift; path = ChatModel.swift; sourceTree = "<group>"; };
		0B44C4CB230210C700B55D21 /* UsersViewController.swift */ = {isa = PBXFileReference; lastKnownFileType = sourcecode.swift; path = UsersViewController.swift; sourceTree = "<group>"; };
		0B44C4CD230210D600B55D21 /* ChatRoomsViewController.swift */ = {isa = PBXFileReference; lastKnownFileType = sourcecode.swift; path = ChatRoomsViewController.swift; sourceTree = "<group>"; };
		0B44C4CF2302115100B55D21 /* CounselingChatRoomsViewController.swift */ = {isa = PBXFileReference; lastKnownFileType = sourcecode.swift; path = CounselingChatRoomsViewController.swift; sourceTree = "<group>"; };
		0B44C4D12302115D00B55D21 /* SettingViewController.swift */ = {isa = PBXFileReference; lastKnownFileType = sourcecode.swift; path = SettingViewController.swift; sourceTree = "<group>"; };
		0B44C4DA230212E700B55D21 /* SignInViewController.swift */ = {isa = PBXFileReference; fileEncoding = 4; lastKnownFileType = sourcecode.swift; path = SignInViewController.swift; sourceTree = "<group>"; };
		0B44C4DB230212E700B55D21 /* SignUpViewController.swift */ = {isa = PBXFileReference; fileEncoding = 4; lastKnownFileType = sourcecode.swift; path = SignUpViewController.swift; sourceTree = "<group>"; };
		0B44C4E22302165400B55D21 /* SigninStoryboard.storyboard */ = {isa = PBXFileReference; fileEncoding = 4; lastKnownFileType = file.storyboard; path = SigninStoryboard.storyboard; sourceTree = "<group>"; };
		0B44C4E32302165400B55D21 /* SignUp.storyboard */ = {isa = PBXFileReference; fileEncoding = 4; lastKnownFileType = file.storyboard; path = SignUp.storyboard; sourceTree = "<group>"; };
		0B44C4E8230AFE5500B55D21 /* UIColor.swift */ = {isa = PBXFileReference; lastKnownFileType = sourcecode.swift; path = UIColor.swift; sourceTree = "<group>"; };
		0BCB409E2356725D0085933A /* ColorHelper.swift */ = {isa = PBXFileReference; lastKnownFileType = sourcecode.swift; path = ColorHelper.swift; sourceTree = "<group>"; };
		0BFF1759231727D400CD6561 /* AddFriendViewController.swift */ = {isa = PBXFileReference; lastKnownFileType = sourcecode.swift; path = AddFriendViewController.swift; sourceTree = "<group>"; };
		0BFF175D2317287000CD6561 /* AddFriend.storyboard */ = {isa = PBXFileReference; lastKnownFileType = file.storyboard; path = AddFriend.storyboard; sourceTree = "<group>"; };
		0BFF175F2319CDA500CD6561 /* FriendshipListModel.swift */ = {isa = PBXFileReference; lastKnownFileType = sourcecode.swift; path = FriendshipListModel.swift; sourceTree = "<group>"; };
		1E1C6B03E61547F8786B6D66 /* Pods_MLinker.framework */ = {isa = PBXFileReference; explicitFileType = wrapper.framework; includeInIndex = 0; path = Pods_MLinker.framework; sourceTree = BUILT_PRODUCTS_DIR; };
		98A3E97E35773BDB46AE8252 /* Pods-MLinker.release.xcconfig */ = {isa = PBXFileReference; includeInIndex = 1; lastKnownFileType = text.xcconfig; name = "Pods-MLinker.release.xcconfig"; path = "../Pods/Target Support Files/Pods-MLinker/Pods-MLinker.release.xcconfig"; sourceTree = "<group>"; };
		A3C2BE87FBE122759DE590E9 /* Pods-MLinker.debug.xcconfig */ = {isa = PBXFileReference; includeInIndex = 1; lastKnownFileType = text.xcconfig; name = "Pods-MLinker.debug.xcconfig"; path = "../Pods/Target Support Files/Pods-MLinker/Pods-MLinker.debug.xcconfig"; sourceTree = "<group>"; };
/* End PBXFileReference section */

/* Begin PBXFrameworksBuildPhase section */
		0B44C4AA22FA2E1700B55D21 /* Frameworks */ = {
			isa = PBXFrameworksBuildPhase;
			buildActionMask = 2147483647;
			files = (
				B6D8D98FD8523B787E14A926 /* Pods_MLinker.framework in Frameworks */,
			);
			runOnlyForDeploymentPostprocessing = 0;
		};
/* End PBXFrameworksBuildPhase section */

/* Begin PBXGroup section */
		0B1792B923455EA10098D7AC /* Manager */ = {
			isa = PBXGroup;
			children = (
				0B1792BA23455EE20098D7AC /* UserContexManager.swift */,
			);
			path = Manager;
			sourceTree = "<group>";
		};
		0B44C4A422FA2E1700B55D21 = {
			isa = PBXGroup;
			children = (
				0B44C4AF22FA2E1800B55D21 /* MLinker */,
				0B44C4AE22FA2E1700B55D21 /* Products */,
				E3D034AFCBEA09F01A3CC530 /* Pods */,
				5ED431E42908BA123B355FDF /* Frameworks */,
			);
			sourceTree = "<group>";
		};
		0B44C4AE22FA2E1700B55D21 /* Products */ = {
			isa = PBXGroup;
			children = (
				0B44C4AD22FA2E1700B55D21 /* MLinker.app */,
			);
			name = Products;
			sourceTree = "<group>";
		};
		0B44C4AF22FA2E1800B55D21 /* MLinker */ = {
			isa = PBXGroup;
			children = (
				0BCB409D235672040085933A /* Helper */,
				0B1792B923455EA10098D7AC /* Manager */,
				0BFF17582317271800CD6561 /* Popups */,
				0B44C4D9230212E700B55D21 /* SignControls */,
				0B44C4C422FA312000B55D21 /* CommonControls */,
				0B44C4C322FA310600B55D21 /* TabBar */,
				0B44C4C222FA30F900B55D21 /* Model */,
				0B44C4B022FA2E1800B55D21 /* AppDelegate.swift */,
				0B16821C23133B97004F8089 /* ViewController.swift */,
				0B44C4B422FA2E1800B55D21 /* Main.storyboard */,
				0B44C4B722FA2E1F00B55D21 /* Assets.xcassets */,
				0B44C4B922FA2E1F00B55D21 /* LaunchScreen.storyboard */,
				0B44C4BC22FA2E1F00B55D21 /* Info.plist */,
				0B44C4C522FB80E800B55D21 /* GoogleService-Info.plist */,
			);
			path = MLinker;
			sourceTree = "<group>";
		};
		0B44C4C222FA30F900B55D21 /* Model */ = {
			isa = PBXGroup;
			children = (
				0B44C4C722FB868300B55D21 /* UserModel.swift */,
				0B44C4C922FB86DA00B55D21 /* ChatModel.swift */,
				0BFF175F2319CDA500CD6561 /* FriendshipListModel.swift */,
			);
			path = Model;
			sourceTree = "<group>";
		};
		0B44C4C322FA310600B55D21 /* TabBar */ = {
			isa = PBXGroup;
			children = (
				0B44C4CB230210C700B55D21 /* UsersViewController.swift */,
				0B44C4CD230210D600B55D21 /* ChatRoomsViewController.swift */,
				0B44C4CF2302115100B55D21 /* CounselingChatRoomsViewController.swift */,
				0B44C4D12302115D00B55D21 /* SettingViewController.swift */,
			);
			path = TabBar;
			sourceTree = "<group>";
		};
		0B44C4C422FA312000B55D21 /* CommonControls */ = {
			isa = PBXGroup;
			children = (
				0B44C4E8230AFE5500B55D21 /* UIColor.swift */,
				0B16821E23148AD3004F8089 /* UserTableViewCell.swift */,
				0B16821F23148AD3004F8089 /* UserTableViewCell.xib */,
				0B191FD823318CDC0016EA85 /* ChatRoomTableViewCell.swift */,
				0B191FD923318CDC0016EA85 /* ChatRoomTableViewCell.xib */,
				0B076A5423397B7100B5AF43 /* ChatYourCell.swift */,
				0B076A5523397B7100B5AF43 /* ChatYourCell.xib */,
				0B076A5823397B8500B5AF43 /* ChatMyCell.swift */,
				0B076A5923397B8500B5AF43 /* ChatMyCell.xib */,
				0B3F4219235A734700CAE1B1 /* ChatNoticeCell.swift */,
				0B3F421A235A734700CAE1B1 /* ChatNoticeCell.xib */,
			);
			path = CommonControls;
			sourceTree = "<group>";
		};
		0B44C4D9230212E700B55D21 /* SignControls */ = {
			isa = PBXGroup;
			children = (
				0B44C4E22302165400B55D21 /* SigninStoryboard.storyboard */,
				0B44C4E32302165400B55D21 /* SignUp.storyboard */,
				0B44C4DA230212E700B55D21 /* SignInViewController.swift */,
				0B44C4DB230212E700B55D21 /* SignUpViewController.swift */,
			);
			path = SignControls;
			sourceTree = "<group>";
		};
		0BCB409D235672040085933A /* Helper */ = {
			isa = PBXGroup;
			children = (
				0BCB409E2356725D0085933A /* ColorHelper.swift */,
			);
			path = Helper;
			sourceTree = "<group>";
		};
		0BFF17582317271800CD6561 /* Popups */ = {
			isa = PBXGroup;
			children = (
				0BFF1759231727D400CD6561 /* AddFriendViewController.swift */,
				0BFF175D2317287000CD6561 /* AddFriend.storyboard */,
				0B173F5B231DCE2E00A36DAB /* ProfileViewController.swift */,
				0B173F5F2321B67200A36DAB /* Profile.storyboard */,
				0B191FDC233192190016EA85 /* ChatViewController.swift */,
				0B191FDE233192290016EA85 /* ChatView.storyboard */,
				0B1783042353D2330097A79C /* AddChatRoomViewController.swift */,
				0B1783062353D2510097A79C /* AddChatRoomSB.storyboard */,
			);
			path = Popups;
			sourceTree = "<group>";
		};
		5ED431E42908BA123B355FDF /* Frameworks */ = {
			isa = PBXGroup;
			children = (
				1E1C6B03E61547F8786B6D66 /* Pods_MLinker.framework */,
			);
			name = Frameworks;
			sourceTree = "<group>";
		};
		E3D034AFCBEA09F01A3CC530 /* Pods */ = {
			isa = PBXGroup;
			children = (
				A3C2BE87FBE122759DE590E9 /* Pods-MLinker.debug.xcconfig */,
				98A3E97E35773BDB46AE8252 /* Pods-MLinker.release.xcconfig */,
			);
			name = Pods;
			sourceTree = "<group>";
		};
/* End PBXGroup section */

/* Begin PBXNativeTarget section */
		0B44C4AC22FA2E1700B55D21 /* MLinker */ = {
			isa = PBXNativeTarget;
			buildConfigurationList = 0B44C4BF22FA2E1F00B55D21 /* Build configuration list for PBXNativeTarget "MLinker" */;
			buildPhases = (
				340B5B69C5642EDDF971DAB3 /* [CP] Check Pods Manifest.lock */,
				0B44C4A922FA2E1700B55D21 /* Sources */,
				0B44C4AA22FA2E1700B55D21 /* Frameworks */,
				0B44C4AB22FA2E1700B55D21 /* Resources */,
				69BD7AE6BBA82CE884879667 /* [CP] Embed Pods Frameworks */,
			);
			buildRules = (
			);
			dependencies = (
			);
			name = MLinker;
			productName = MLinker;
			productReference = 0B44C4AD22FA2E1700B55D21 /* MLinker.app */;
			productType = "com.apple.product-type.application";
		};
/* End PBXNativeTarget section */

/* Begin PBXProject section */
		0B44C4A522FA2E1700B55D21 /* Project object */ = {
			isa = PBXProject;
			attributes = {
				LastSwiftUpdateCheck = 1030;
				LastUpgradeCheck = 1030;
				ORGANIZATIONNAME = "John Kim";
				TargetAttributes = {
					0B44C4AC22FA2E1700B55D21 = {
						CreatedOnToolsVersion = 10.3;
					};
				};
			};
			buildConfigurationList = 0B44C4A822FA2E1700B55D21 /* Build configuration list for PBXProject "MLinker" */;
			compatibilityVersion = "Xcode 9.3";
			developmentRegion = en;
			hasScannedForEncodings = 0;
			knownRegions = (
				en,
				Base,
			);
			mainGroup = 0B44C4A422FA2E1700B55D21;
			productRefGroup = 0B44C4AE22FA2E1700B55D21 /* Products */;
			projectDirPath = "";
			projectRoot = "";
			targets = (
				0B44C4AC22FA2E1700B55D21 /* MLinker */,
			);
		};
/* End PBXProject section */

/* Begin PBXResourcesBuildPhase section */
		0B44C4AB22FA2E1700B55D21 /* Resources */ = {
			isa = PBXResourcesBuildPhase;
			buildActionMask = 2147483647;
			files = (
				0B076A5723397B7100B5AF43 /* ChatYourCell.xib in Resources */,
				0B191FDB23318CDC0016EA85 /* ChatRoomTableViewCell.xib in Resources */,
				0B44C4BB22FA2E1F00B55D21 /* LaunchScreen.storyboard in Resources */,
				0B44C4C622FB80E900B55D21 /* GoogleService-Info.plist in Resources */,
				0B44C4E52302165400B55D21 /* SignUp.storyboard in Resources */,
				0B191FDF233192290016EA85 /* ChatView.storyboard in Resources */,
				0B3F421C235A734700CAE1B1 /* ChatNoticeCell.xib in Resources */,
				0B16822123148AD3004F8089 /* UserTableViewCell.xib in Resources */,
				0BFF175E2317287000CD6561 /* AddFriend.storyboard in Resources */,
				0B44C4B822FA2E1F00B55D21 /* Assets.xcassets in Resources */,
				0B076A5B23397B8500B5AF43 /* ChatMyCell.xib in Resources */,
				0B173F602321B67200A36DAB /* Profile.storyboard in Resources */,
				0B44C4E42302165400B55D21 /* SigninStoryboard.storyboard in Resources */,
				0B1783072353D2510097A79C /* AddChatRoomSB.storyboard in Resources */,
				0B44C4B622FA2E1800B55D21 /* Main.storyboard in Resources */,
			);
			runOnlyForDeploymentPostprocessing = 0;
		};
/* End PBXResourcesBuildPhase section */

/* Begin PBXShellScriptBuildPhase section */
		340B5B69C5642EDDF971DAB3 /* [CP] Check Pods Manifest.lock */ = {
			isa = PBXShellScriptBuildPhase;
			buildActionMask = 2147483647;
			files = (
			);
			inputFileListPaths = (
			);
			inputPaths = (
				"${PODS_PODFILE_DIR_PATH}/Podfile.lock",
				"${PODS_ROOT}/Manifest.lock",
			);
			name = "[CP] Check Pods Manifest.lock";
			outputFileListPaths = (
			);
			outputPaths = (
				"$(DERIVED_FILE_DIR)/Pods-MLinker-checkManifestLockResult.txt",
			);
			runOnlyForDeploymentPostprocessing = 0;
			shellPath = /bin/sh;
			shellScript = "diff \"${PODS_PODFILE_DIR_PATH}/Podfile.lock\" \"${PODS_ROOT}/Manifest.lock\" > /dev/null\nif [ $? != 0 ] ; then\n    # print error to STDERR\n    echo \"error: The sandbox is not in sync with the Podfile.lock. Run 'pod install' or update your CocoaPods installation.\" >&2\n    exit 1\nfi\n# This output is used by Xcode 'outputs' to avoid re-running this script phase.\necho \"SUCCESS\" > \"${SCRIPT_OUTPUT_FILE_0}\"\n";
			showEnvVarsInLog = 0;
		};
		69BD7AE6BBA82CE884879667 /* [CP] Embed Pods Frameworks */ = {
			isa = PBXShellScriptBuildPhase;
			buildActionMask = 2147483647;
			files = (
			);
			inputFileListPaths = (
			);
			inputPaths = (
				"${SRCROOT}/../Pods/Target Support Files/Pods-MLinker/Pods-MLinker-frameworks.sh",
				"${BUILT_PRODUCTS_DIR}/GTMSessionFetcher/GTMSessionFetcher.framework",
				"${BUILT_PRODUCTS_DIR}/GoogleUtilities/GoogleUtilities.framework",
				"${BUILT_PRODUCTS_DIR}/Kingfisher/Kingfisher.framework",
				"${BUILT_PRODUCTS_DIR}/ObjectMapper/ObjectMapper.framework",
				"${BUILT_PRODUCTS_DIR}/Protobuf/Protobuf.framework",
				"${BUILT_PRODUCTS_DIR}/leveldb-library/leveldb.framework",
				"${BUILT_PRODUCTS_DIR}/nanopb/nanopb.framework",
			);
			name = "[CP] Embed Pods Frameworks";
			outputFileListPaths = (
			);
			outputPaths = (
				"${TARGET_BUILD_DIR}/${FRAMEWORKS_FOLDER_PATH}/GTMSessionFetcher.framework",
				"${TARGET_BUILD_DIR}/${FRAMEWORKS_FOLDER_PATH}/GoogleUtilities.framework",
				"${TARGET_BUILD_DIR}/${FRAMEWORKS_FOLDER_PATH}/Kingfisher.framework",
				"${TARGET_BUILD_DIR}/${FRAMEWORKS_FOLDER_PATH}/ObjectMapper.framework",
				"${TARGET_BUILD_DIR}/${FRAMEWORKS_FOLDER_PATH}/Protobuf.framework",
				"${TARGET_BUILD_DIR}/${FRAMEWORKS_FOLDER_PATH}/leveldb.framework",
				"${TARGET_BUILD_DIR}/${FRAMEWORKS_FOLDER_PATH}/nanopb.framework",
			);
			runOnlyForDeploymentPostprocessing = 0;
			shellPath = /bin/sh;
			shellScript = "\"${SRCROOT}/../Pods/Target Support Files/Pods-MLinker/Pods-MLinker-frameworks.sh\"\n";
			showEnvVarsInLog = 0;
		};
/* End PBXShellScriptBuildPhase section */

/* Begin PBXSourcesBuildPhase section */
		0B44C4A922FA2E1700B55D21 /* Sources */ = {
			isa = PBXSourcesBuildPhase;
			buildActionMask = 2147483647;
			files = (
				0B44C4CE230210D600B55D21 /* ChatRoomsViewController.swift in Sources */,
				0B44C4C822FB868300B55D21 /* UserModel.swift in Sources */,
				0B44C4D22302115D00B55D21 /* SettingViewController.swift in Sources */,
				0B44C4DD230212E700B55D21 /* SignUpViewController.swift in Sources */,
				0B16822023148AD3004F8089 /* UserTableViewCell.swift in Sources */,
				0B16821D23133B97004F8089 /* ViewController.swift in Sources */,
				0B3F421B235A734700CAE1B1 /* ChatNoticeCell.swift in Sources */,
				0B191FDA23318CDC0016EA85 /* ChatRoomTableViewCell.swift in Sources */,
				0BCB409F2356725D0085933A /* ColorHelper.swift in Sources */,
				0B44C4D02302115100B55D21 /* CounselingChatRoomsViewController.swift in Sources */,
				0B076A5A23397B8500B5AF43 /* ChatMyCell.swift in Sources */,
				0B44C4DC230212E700B55D21 /* SignInViewController.swift in Sources */,
				0BFF17602319CDA500CD6561 /* FriendshipListModel.swift in Sources */,
				0B44C4CC230210C700B55D21 /* UsersViewController.swift in Sources */,
				0B191FDD233192190016EA85 /* ChatViewController.swift in Sources */,
				0B44C4B122FA2E1800B55D21 /* AppDelegate.swift in Sources */,
				0B44C4CA22FB86DA00B55D21 /* ChatModel.swift in Sources */,
				0B076A5623397B7100B5AF43 /* ChatYourCell.swift in Sources */,
				0B173F5D231DCE2E00A36DAB /* ProfileViewController.swift in Sources */,
				0B1792BB23455EE20098D7AC /* UserContexManager.swift in Sources */,
				0B44C4E9230AFE5500B55D21 /* UIColor.swift in Sources */,
				0B1783052353D2330097A79C /* AddChatRoomViewController.swift in Sources */,
				0BFF175B231727D400CD6561 /* AddFriendViewController.swift in Sources */,
			);
			runOnlyForDeploymentPostprocessing = 0;
		};
/* End PBXSourcesBuildPhase section */

/* Begin PBXVariantGroup section */
		0B44C4B422FA2E1800B55D21 /* Main.storyboard */ = {
			isa = PBXVariantGroup;
			children = (
				0B44C4B522FA2E1800B55D21 /* Base */,
			);
			name = Main.storyboard;
			sourceTree = "<group>";
		};
		0B44C4B922FA2E1F00B55D21 /* LaunchScreen.storyboard */ = {
			isa = PBXVariantGroup;
			children = (
				0B44C4BA22FA2E1F00B55D21 /* Base */,
			);
			name = LaunchScreen.storyboard;
			sourceTree = "<group>";
		};
/* End PBXVariantGroup section */

/* Begin XCBuildConfiguration section */
		0B44C4BD22FA2E1F00B55D21 /* Debug */ = {
			isa = XCBuildConfiguration;
			buildSettings = {
				ALWAYS_SEARCH_USER_PATHS = NO;
				CLANG_ANALYZER_NONNULL = YES;
				CLANG_ANALYZER_NUMBER_OBJECT_CONVERSION = YES_AGGRESSIVE;
				CLANG_CXX_LANGUAGE_STANDARD = "gnu++14";
				CLANG_CXX_LIBRARY = "libc++";
				CLANG_ENABLE_MODULES = YES;
				CLANG_ENABLE_OBJC_ARC = YES;
				CLANG_ENABLE_OBJC_WEAK = YES;
				CLANG_WARN_BLOCK_CAPTURE_AUTORELEASING = YES;
				CLANG_WARN_BOOL_CONVERSION = YES;
				CLANG_WARN_COMMA = YES;
				CLANG_WARN_CONSTANT_CONVERSION = YES;
				CLANG_WARN_DEPRECATED_OBJC_IMPLEMENTATIONS = YES;
				CLANG_WARN_DIRECT_OBJC_ISA_USAGE = YES_ERROR;
				CLANG_WARN_DOCUMENTATION_COMMENTS = YES;
				CLANG_WARN_EMPTY_BODY = YES;
				CLANG_WARN_ENUM_CONVERSION = YES;
				CLANG_WARN_INFINITE_RECURSION = YES;
				CLANG_WARN_INT_CONVERSION = YES;
				CLANG_WARN_NON_LITERAL_NULL_CONVERSION = YES;
				CLANG_WARN_OBJC_IMPLICIT_RETAIN_SELF = YES;
				CLANG_WARN_OBJC_LITERAL_CONVERSION = YES;
				CLANG_WARN_OBJC_ROOT_CLASS = YES_ERROR;
				CLANG_WARN_RANGE_LOOP_ANALYSIS = YES;
				CLANG_WARN_STRICT_PROTOTYPES = YES;
				CLANG_WARN_SUSPICIOUS_MOVE = YES;
				CLANG_WARN_UNGUARDED_AVAILABILITY = YES_AGGRESSIVE;
				CLANG_WARN_UNREACHABLE_CODE = YES;
				CLANG_WARN__DUPLICATE_METHOD_MATCH = YES;
				CODE_SIGN_IDENTITY = "iPhone Developer";
				COPY_PHASE_STRIP = NO;
				DEBUG_INFORMATION_FORMAT = dwarf;
				ENABLE_STRICT_OBJC_MSGSEND = YES;
				ENABLE_TESTABILITY = YES;
				GCC_C_LANGUAGE_STANDARD = gnu11;
				GCC_DYNAMIC_NO_PIC = NO;
				GCC_NO_COMMON_BLOCKS = YES;
				GCC_OPTIMIZATION_LEVEL = 0;
				GCC_PREPROCESSOR_DEFINITIONS = (
					"DEBUG=1",
					"$(inherited)",
				);
				GCC_WARN_64_TO_32_BIT_CONVERSION = YES;
				GCC_WARN_ABOUT_RETURN_TYPE = YES_ERROR;
				GCC_WARN_UNDECLARED_SELECTOR = YES;
				GCC_WARN_UNINITIALIZED_AUTOS = YES_AGGRESSIVE;
				GCC_WARN_UNUSED_FUNCTION = YES;
				GCC_WARN_UNUSED_VARIABLE = YES;
				IPHONEOS_DEPLOYMENT_TARGET = 12.4;
				MTL_ENABLE_DEBUG_INFO = INCLUDE_SOURCE;
				MTL_FAST_MATH = YES;
				ONLY_ACTIVE_ARCH = YES;
				SDKROOT = iphoneos;
				SWIFT_ACTIVE_COMPILATION_CONDITIONS = DEBUG;
				SWIFT_OPTIMIZATION_LEVEL = "-Onone";
			};
			name = Debug;
		};
		0B44C4BE22FA2E1F00B55D21 /* Release */ = {
			isa = XCBuildConfiguration;
			buildSettings = {
				ALWAYS_SEARCH_USER_PATHS = NO;
				CLANG_ANALYZER_NONNULL = YES;
				CLANG_ANALYZER_NUMBER_OBJECT_CONVERSION = YES_AGGRESSIVE;
				CLANG_CXX_LANGUAGE_STANDARD = "gnu++14";
				CLANG_CXX_LIBRARY = "libc++";
				CLANG_ENABLE_MODULES = YES;
				CLANG_ENABLE_OBJC_ARC = YES;
				CLANG_ENABLE_OBJC_WEAK = YES;
				CLANG_WARN_BLOCK_CAPTURE_AUTORELEASING = YES;
				CLANG_WARN_BOOL_CONVERSION = YES;
				CLANG_WARN_COMMA = YES;
				CLANG_WARN_CONSTANT_CONVERSION = YES;
				CLANG_WARN_DEPRECATED_OBJC_IMPLEMENTATIONS = YES;
				CLANG_WARN_DIRECT_OBJC_ISA_USAGE = YES_ERROR;
				CLANG_WARN_DOCUMENTATION_COMMENTS = YES;
				CLANG_WARN_EMPTY_BODY = YES;
				CLANG_WARN_ENUM_CONVERSION = YES;
				CLANG_WARN_INFINITE_RECURSION = YES;
				CLANG_WARN_INT_CONVERSION = YES;
				CLANG_WARN_NON_LITERAL_NULL_CONVERSION = YES;
				CLANG_WARN_OBJC_IMPLICIT_RETAIN_SELF = YES;
				CLANG_WARN_OBJC_LITERAL_CONVERSION = YES;
				CLANG_WARN_OBJC_ROOT_CLASS = YES_ERROR;
				CLANG_WARN_RANGE_LOOP_ANALYSIS = YES;
				CLANG_WARN_STRICT_PROTOTYPES = YES;
				CLANG_WARN_SUSPICIOUS_MOVE = YES;
				CLANG_WARN_UNGUARDED_AVAILABILITY = YES_AGGRESSIVE;
				CLANG_WARN_UNREACHABLE_CODE = YES;
				CLANG_WARN__DUPLICATE_METHOD_MATCH = YES;
				CODE_SIGN_IDENTITY = "iPhone Developer";
				COPY_PHASE_STRIP = NO;
				DEBUG_INFORMATION_FORMAT = "dwarf-with-dsym";
				ENABLE_NS_ASSERTIONS = NO;
				ENABLE_STRICT_OBJC_MSGSEND = YES;
				GCC_C_LANGUAGE_STANDARD = gnu11;
				GCC_NO_COMMON_BLOCKS = YES;
				GCC_WARN_64_TO_32_BIT_CONVERSION = YES;
				GCC_WARN_ABOUT_RETURN_TYPE = YES_ERROR;
				GCC_WARN_UNDECLARED_SELECTOR = YES;
				GCC_WARN_UNINITIALIZED_AUTOS = YES_AGGRESSIVE;
				GCC_WARN_UNUSED_FUNCTION = YES;
				GCC_WARN_UNUSED_VARIABLE = YES;
				IPHONEOS_DEPLOYMENT_TARGET = 12.4;
				MTL_ENABLE_DEBUG_INFO = NO;
				MTL_FAST_MATH = YES;
				SDKROOT = iphoneos;
				SWIFT_COMPILATION_MODE = wholemodule;
				SWIFT_OPTIMIZATION_LEVEL = "-O";
				VALIDATE_PRODUCT = YES;
			};
			name = Release;
		};
		0B44C4C022FA2E1F00B55D21 /* Debug */ = {
			isa = XCBuildConfiguration;
			baseConfigurationReference = A3C2BE87FBE122759DE590E9 /* Pods-MLinker.debug.xcconfig */;
			buildSettings = {
				ASSETCATALOG_COMPILER_APPICON_NAME = AppIcon;
				CODE_SIGN_STYLE = Automatic;
				DEVELOPMENT_TEAM = ZSYAXC2PYL;
				INFOPLIST_FILE = MLinker/Info.plist;
				LD_RUNPATH_SEARCH_PATHS = (
					"$(inherited)",
					"@executable_path/Frameworks",
				);
				PRODUCT_BUNDLE_IDENTIFIER = zeno.MLinker;
				PRODUCT_NAME = "$(TARGET_NAME)";
				SWIFT_VERSION = 5.0;
				TARGETED_DEVICE_FAMILY = "1,2";
			};
			name = Debug;
		};
		0B44C4C122FA2E1F00B55D21 /* Release */ = {
			isa = XCBuildConfiguration;
			baseConfigurationReference = 98A3E97E35773BDB46AE8252 /* Pods-MLinker.release.xcconfig */;
			buildSettings = {
				ASSETCATALOG_COMPILER_APPICON_NAME = AppIcon;
				CODE_SIGN_STYLE = Automatic;
				DEVELOPMENT_TEAM = ZSYAXC2PYL;
				INFOPLIST_FILE = MLinker/Info.plist;
				LD_RUNPATH_SEARCH_PATHS = (
					"$(inherited)",
					"@executable_path/Frameworks",
				);
				PRODUCT_BUNDLE_IDENTIFIER = zeno.MLinker;
				PRODUCT_NAME = "$(TARGET_NAME)";
				SWIFT_VERSION = 5.0;
				TARGETED_DEVICE_FAMILY = "1,2";
			};
			name = Release;
		};
/* End XCBuildConfiguration section */

/* Begin XCConfigurationList section */
		0B44C4A822FA2E1700B55D21 /* Build configuration list for PBXProject "MLinker" */ = {
			isa = XCConfigurationList;
			buildConfigurations = (
				0B44C4BD22FA2E1F00B55D21 /* Debug */,
				0B44C4BE22FA2E1F00B55D21 /* Release */,
			);
			defaultConfigurationIsVisible = 0;
			defaultConfigurationName = Release;
		};
		0B44C4BF22FA2E1F00B55D21 /* Build configuration list for PBXNativeTarget "MLinker" */ = {
			isa = XCConfigurationList;
			buildConfigurations = (
				0B44C4C022FA2E1F00B55D21 /* Debug */,
				0B44C4C122FA2E1F00B55D21 /* Release */,
			);
			defaultConfigurationIsVisible = 0;
			defaultConfigurationName = Release;
		};
/* End XCConfigurationList section */
	};
	rootObject = 0B44C4A522FA2E1700B55D21 /* Project object */;
}
